
Microsoft Visual Studio Solution File, Format Version 12.00
# Visual Studio 15
VisualStudioVersion = 15.0.27703.2000
MinimumVisualStudioVersion = 10.0.40219.1
Project("{9A19103F-16F7-4668-BE54-9A1E7A4F7556}") = "RestSharpExamples", "RestSharpExamples\RestSharpExamples.csproj", "{50E85498-82A8-4D5D-9EED-2111DC75B671}"
EndProject
Project("{FAE04EC0-301F-11D3-BF4B-00C04F79EFBC}") = "UnitTests", "UnitTests\UnitTests.csproj", "{A54E4D6B-A45F-4B0F-AD6D-3D967D0A2509}"
EndProject
Global
	GlobalSection(SolutionConfigurationPlatforms) = preSolution
		Debug|Any CPU = Debug|Any CPU
		Release|Any CPU = Release|Any CPU
	EndGlobalSection
	GlobalSection(ProjectConfigurationPlatforms) = postSolution
		{50E85498-82A8-4D5D-9EED-2111DC75B671}.Debug|Any CPU.ActiveCfg = Debug|Any CPU
		{50E85498-82A8-4D5D-9EED-2111DC75B671}.Debug|Any CPU.Build.0 = Debug|Any CPU
		{50E85498-82A8-4D5D-9EED-2111DC75B671}.Release|Any CPU.ActiveCfg = Release|Any CPU
		{50E85498-82A8-4D5D-9EED-2111DC75B671}.Release|Any CPU.Build.0 = Release|Any CPU
		{A54E4D6B-A45F-4B0F-AD6D-3D967D0A2509}.Debug|Any CPU.ActiveCfg = Debug|Any CPU
		{A54E4D6B-A45F-4B0F-AD6D-3D967D0A2509}.Debug|Any CPU.Build.0 = Debug|Any CPU
		{A54E4D6B-A45F-4B0F-AD6D-3D967D0A2509}.Release|Any CPU.ActiveCfg = Release|Any CPU
		{A54E4D6B-A45F-4B0F-AD6D-3D967D0A2509}.Release|Any CPU.Build.0 = Release|Any CPU
	EndGlobalSection
	GlobalSection(SolutionProperties) = preSolution
		HideSolutionNode = FALSE
	EndGlobalSection
	GlobalSection(ExtensibilityGlobals) = postSolution
		SolutionGuid = {AF8A9D76-4BE3-45AF-9D0B-75FD4679D9F3}
	EndGlobalSection
EndGlobal
